
Microsoft Visual Studio Solution File, Format Version 12.00
# Visual Studio 15
VisualStudioVersion = 15.0.27703.2047
MinimumVisualStudioVersion = 10.0.40219.1
Project("{FAE04EC0-301F-11D3-BF4B-00C04F79EFBC}") = "ADTD", "ADTD\ADTD.csproj", "{8E467B44-BD19-44F3-9E0F-302870FCC694}"
EndProject
Global
	GlobalSection(SolutionConfigurationPlatforms) = preSolution
		Debug|Any CPU = Debug|Any CPU
		Release|Any CPU = Release|Any CPU
	EndGlobalSection
	GlobalSection(ProjectConfigurationPlatforms) = postSolution
		{8E467B44-BD19-44F3-9E0F-302870FCC694}.Debug|Any CPU.ActiveCfg = Debug|Any CPU
		{8E467B44-BD19-44F3-9E0F-302870FCC694}.Debug|Any CPU.Build.0 = Debug|Any CPU
		{8E467B44-BD19-44F3-9E0F-302870FCC694}.Release|Any CPU.ActiveCfg = Release|Any CPU
		{8E467B44-BD19-44F3-9E0F-302870FCC694}.Release|Any CPU.Build.0 = Release|Any CPU
	EndGlobalSection
	GlobalSection(SolutionProperties) = preSolution
		HideSolutionNode = FALSE
	EndGlobalSection
	GlobalSection(ExtensibilityGlobals) = postSolution
		SolutionGuid = {C13DC4C4-9FE0-4166-9E37-41536C7A9370}
	EndGlobalSection
EndGlobal
